// !$*UTF8*$!
{
	archiveVersion = 1;
	classes = {
	};
	objectVersion = 56;
	objects = {

/* Begin PBXBuildFile section */
		3D22156D2C33E4EE009A9CA1 /* EmojiRow.swift in Sources */ = {isa = PBXBuildFile; fileRef = 3D22156C2C33E4EE009A9CA1 /* EmojiRow.swift */; };
		3D22156F2C33E508009A9CA1 /* EmojiList.swift in Sources */ = {isa = PBXBuildFile; fileRef = 3D22156E2C33E508009A9CA1 /* EmojiList.swift */; };
		3D2215732C33E580009A9CA1 /* MainView.swift in Sources */ = {isa = PBXBuildFile; fileRef = 3D2215722C33E580009A9CA1 /* MainView.swift */; };
		3D2215752C33E615009A9CA1 /* Emoji.swift in Sources */ = {isa = PBXBuildFile; fileRef = 3D2215742C33E615009A9CA1 /* Emoji.swift */; };
		3D2215772C33F199009A9CA1 /* EmojiDetail.swift in Sources */ = {isa = PBXBuildFile; fileRef = 3D2215762C33F199009A9CA1 /* EmojiDetail.swift */; };
		3DFDEF802C33CB1500F91690 /* EmojiAppApp.swift in Sources */ = {isa = PBXBuildFile; fileRef = 3DFDEF7F2C33CB1500F91690 /* EmojiAppApp.swift */; };
		3DFDEF822C33CB1500F91690 /* ContentView.swift in Sources */ = {isa = PBXBuildFile; fileRef = 3DFDEF812C33CB1500F91690 /* ContentView.swift */; };
		3DFDEF842C33CB1700F91690 /* Assets.xcassets in Resources */ = {isa = PBXBuildFile; fileRef = 3DFDEF832C33CB1700F91690 /* Assets.xcassets */; };
		3DFDEF872C33CB1700F91690 /* Preview Assets.xcassets in Resources */ = {isa = PBXBuildFile; fileRef = 3DFDEF862C33CB1700F91690 /* Preview Assets.xcassets */; };
/* End PBXBuildFile section */

/* Begin PBXFileReference section */
		3D22156C2C33E4EE009A9CA1 /* EmojiRow.swift */ = {isa = PBXFileReference; lastKnownFileType = sourcecode.swift; path = EmojiRow.swift; sourceTree = "<group>"; };
		3D22156E2C33E508009A9CA1 /* EmojiList.swift */ = {isa = PBXFileReference; lastKnownFileType = sourcecode.swift; path = EmojiList.swift; sourceTree = "<group>"; };
		3D2215722C33E580009A9CA1 /* MainView.swift */ = {isa = PBXFileReference; lastKnownFileType = sourcecode.swift; path = MainView.swift; sourceTree = "<group>"; };
		3D2215742C33E615009A9CA1 /* Emoji.swift */ = {isa = PBXFileReference; lastKnownFileType = sourcecode.swift; path = Emoji.swift; sourceTree = "<group>"; };
		3D2215762C33F199009A9CA1 /* EmojiDetail.swift */ = {isa = PBXFileReference; lastKnownFileType = sourcecode.swift; path = EmojiDetail.swift; sourceTree = "<group>"; };
		3DFDEF7C2C33CB1500F91690 /* EmojiApp.app */ = {isa = PBXFileReference; explicitFileType = wrapper.application; includeInIndex = 0; path = EmojiApp.app; sourceTree = BUILT_PRODUCTS_DIR; };
		3DFDEF7F2C33CB1500F91690 /* EmojiAppApp.swift */ = {isa = PBXFileReference; lastKnownFileType = sourcecode.swift; path = EmojiAppApp.swift; sourceTree = "<group>"; };
		3DFDEF812C33CB1500F91690 /* ContentView.swift */ = {isa = PBXFileReference; lastKnownFileType = sourcecode.swift; path = ContentView.swift; sourceTree = "<group>"; };
		3DFDEF832C33CB1700F91690 /* Assets.xcassets */ = {isa = PBXFileReference; lastKnownFileType = folder.assetcatalog; path = Assets.xcassets; sourceTree = "<group>"; };
		3DFDEF862C33CB1700F91690 /* Preview Assets.xcassets */ = {isa = PBXFileReference; lastKnownFileType = folder.assetcatalog; path = "Preview Assets.xcassets"; sourceTree = "<group>"; };
/* End PBXFileReference section */

/* Begin PBXFrameworksBuildPhase section */
		3DFDEF792C33CB1500F91690 /* Frameworks */ = {
			isa = PBXFrameworksBuildPhase;
			buildActionMask = 2147483647;
			files = (
			);
			runOnlyForDeploymentPostprocessing = 0;
		};
/* End PBXFrameworksBuildPhase section */

/* Begin PBXGroup section */
		3D2215682C33E4A0009A9CA1 /* App */ = {
			isa = PBXGroup;
			children = (
				3DFDEF7F2C33CB1500F91690 /* EmojiAppApp.swift */,
				3DFDEF812C33CB1500F91690 /* ContentView.swift */,
			);
			path = App;
			sourceTree = "<group>";
		};
		3D2215692C33E4A7009A9CA1 /* Resources */ = {
			isa = PBXGroup;
			children = (
				3DFDEF832C33CB1700F91690 /* Assets.xcassets */,
			);
			path = Resources;
			sourceTree = "<group>";
		};
		3D22156A2C33E4AE009A9CA1 /* Model */ = {
			isa = PBXGroup;
			children = (
				3D2215742C33E615009A9CA1 /* Emoji.swift */,
			);
			name = Model;
			sourceTree = "<group>";
		};
		3D22156B2C33E4D0009A9CA1 /* Emoji */ = {
			isa = PBXGroup;
			children = (
				3D22156C2C33E4EE009A9CA1 /* EmojiRow.swift */,
				3D2215762C33F199009A9CA1 /* EmojiDetail.swift */,
				3D22156E2C33E508009A9CA1 /* EmojiList.swift */,
			);
			name = Emoji;
			path = App;
			sourceTree = "<group>";
		};
		3D2215702C33E564009A9CA1 /* View */ = {
			isa = PBXGroup;
			children = (
				3D2215712C33E570009A9CA1 /* TabView */,
				3D22156B2C33E4D0009A9CA1 /* Emoji */,
			);
			name = View;
			sourceTree = "<group>";
		};
		3D2215712C33E570009A9CA1 /* TabView */ = {
			isa = PBXGroup;
			children = (
				3D2215722C33E580009A9CA1 /* MainView.swift */,
			);
			name = TabView;
			sourceTree = "<group>";
		};
		3DFDEF732C33CB1500F91690 = {
			isa = PBXGroup;
			children = (
				3DFDEF7E2C33CB1500F91690 /* EmojiApp */,
				3DFDEF7D2C33CB1500F91690 /* Products */,
			);
			sourceTree = "<group>";
		};
		3DFDEF7D2C33CB1500F91690 /* Products */ = {
			isa = PBXGroup;
			children = (
				3DFDEF7C2C33CB1500F91690 /* EmojiApp.app */,
			);
			name = Products;
			sourceTree = "<group>";
		};
		3DFDEF7E2C33CB1500F91690 /* EmojiApp */ = {
			isa = PBXGroup;
			children = (
				3D2215702C33E564009A9CA1 /* View */,
				3D22156A2C33E4AE009A9CA1 /* Model */,
				3D2215682C33E4A0009A9CA1 /* App */,
				3D2215692C33E4A7009A9CA1 /* Resources */,
				3DFDEF852C33CB1700F91690 /* Preview Content */,
			);
			path = EmojiApp;
			sourceTree = "<group>";
		};
		3DFDEF852C33CB1700F91690 /* Preview Content */ = {
			isa = PBXGroup;
			children = (
				3DFDEF862C33CB1700F91690 /* Preview Assets.xcassets */,
			);
			path = "Preview Content";
			sourceTree = "<group>";
		};
/* End PBXGroup section */

/* Begin PBXNativeTarget section */
		3DFDEF7B2C33CB1500F91690 /* EmojiApp */ = {
			isa = PBXNativeTarget;
			buildConfigurationList = 3DFDEF8A2C33CB1700F91690 /* Build configuration list for PBXNativeTarget "EmojiApp" */;
			buildPhases = (
				3DFDEF782C33CB1500F91690 /* Sources */,
				3DFDEF792C33CB1500F91690 /* Frameworks */,
				3DFDEF7A2C33CB1500F91690 /* Resources */,
			);
			buildRules = (
			);
			dependencies = (
			);
			name = EmojiApp;
			productName = EmojiApp;
			productReference = 3DFDEF7C2C33CB1500F91690 /* EmojiApp.app */;
			productType = "com.apple.product-type.application";
		};
/* End PBXNativeTarget section */

/* Begin PBXProject section */
		3DFDEF742C33CB1500F91690 /* Project object */ = {
			isa = PBXProject;
			attributes = {
				BuildIndependentTargetsInParallel = 1;
				LastSwiftUpdateCheck = 1520;
				LastUpgradeCheck = 1520;
				TargetAttributes = {
					3DFDEF7B2C33CB1500F91690 = {
						CreatedOnToolsVersion = 15.2;
					};
				};
			};
			buildConfigurationList = 3DFDEF772C33CB1500F91690 /* Build configuration list for PBXProject "EmojiApp" */;
			compatibilityVersion = "Xcode 14.0";
			developmentRegion = en;
			hasScannedForEncodings = 0;
			knownRegions = (
				en,
				Base,
			);
			mainGroup = 3DFDEF732C33CB1500F91690;
			productRefGroup = 3DFDEF7D2C33CB1500F91690 /* Products */;
			projectDirPath = "";
			projectRoot = "";
			targets = (
				3DFDEF7B2C33CB1500F91690 /* EmojiApp */,
			);
		};
/* End PBXProject section */

/* Begin PBXResourcesBuildPhase section */
		3DFDEF7A2C33CB1500F91690 /* Resources */ = {
			isa = PBXResourcesBuildPhase;
			buildActionMask = 2147483647;
			files = (
				3DFDEF872C33CB1700F91690 /* Preview Assets.xcassets in Resources */,
				3DFDEF842C33CB1700F91690 /* Assets.xcassets in Resources */,
			);
			runOnlyForDeploymentPostprocessing = 0;
		};
/* End PBXResourcesBuildPhase section */

/* Begin PBXSourcesBuildPhase section */
		3DFDEF782C33CB1500F91690 /* Sources */ = {
			isa = PBXSourcesBuildPhase;
			buildActionMask = 2147483647;
			files = (
				3D2215752C33E615009A9CA1 /* Emoji.swift in Sources */,
				3DFDEF822C33CB1500F91690 /* ContentView.swift in Sources */,
				3D2215772C33F199009A9CA1 /* EmojiDetail.swift in Sources */,
				3DFDEF802C33CB1500F91690 /* EmojiAppApp.swift in Sources */,
				3D22156F2C33E508009A9CA1 /* EmojiList.swift in Sources */,
				3D2215732C33E580009A9CA1 /* MainView.swift in Sources */,
				3D22156D2C33E4EE009A9CA1 /* EmojiRow.swift in Sources */,
			);
			runOnlyForDeploymentPostprocessing = 0;
		};
/* End PBXSourcesBuildPhase section */

/* Begin XCBuildConfiguration section */
		3DFDEF882C33CB1700F91690 /* Debug */ = {
			isa = XCBuildConfiguration;
			buildSettings = {
				ALWAYS_SEARCH_USER_PATHS = NO;
				ASSETCATALOG_COMPILER_GENERATE_SWIFT_ASSET_SYMBOL_EXTENSIONS = YES;
				CLANG_ANALYZER_NONNULL = YES;
				CLANG_ANALYZER_NUMBER_OBJECT_CONVERSION = YES_AGGRESSIVE;
				CLANG_CXX_LANGUAGE_STANDARD = "gnu++20";
				CLANG_ENABLE_MODULES = YES;
				CLANG_ENABLE_OBJC_ARC = YES;
				CLANG_ENABLE_OBJC_WEAK = YES;
				CLANG_WARN_BLOCK_CAPTURE_AUTORELEASING = YES;
				CLANG_WARN_BOOL_CONVERSION = YES;
				CLANG_WARN_COMMA = YES;
				CLANG_WARN_CONSTANT_CONVERSION = YES;
				CLANG_WARN_DEPRECATED_OBJC_IMPLEMENTATIONS = YES;
				CLANG_WARN_DIRECT_OBJC_ISA_USAGE = YES_ERROR;
				CLANG_WARN_DOCUMENTATION_COMMENTS = YES;
				CLANG_WARN_EMPTY_BODY = YES;
				CLANG_WARN_ENUM_CONVERSION = YES;
				CLANG_WARN_INFINITE_RECURSION = YES;
				CLANG_WARN_INT_CONVERSION = YES;
				CLANG_WARN_NON_LITERAL_NULL_CONVERSION = YES;
				CLANG_WARN_OBJC_IMPLICIT_RETAIN_SELF = YES;
				CLANG_WARN_OBJC_LITERAL_CONVERSION = YES;
				CLANG_WARN_OBJC_ROOT_CLASS = YES_ERROR;
				CLANG_WARN_QUOTED_INCLUDE_IN_FRAMEWORK_HEADER = YES;
				CLANG_WARN_RANGE_LOOP_ANALYSIS = YES;
				CLANG_WARN_STRICT_PROTOTYPES = YES;
				CLANG_WARN_SUSPICIOUS_MOVE = YES;
				CLANG_WARN_UNGUARDED_AVAILABILITY = YES_AGGRESSIVE;
				CLANG_WARN_UNREACHABLE_CODE = YES;
				CLANG_WARN__DUPLICATE_METHOD_MATCH = YES;
				COPY_PHASE_STRIP = NO;
				DEBUG_INFORMATION_FORMAT = dwarf;
				ENABLE_STRICT_OBJC_MSGSEND = YES;
				ENABLE_TESTABILITY = YES;
				ENABLE_USER_SCRIPT_SANDBOXING = YES;
				GCC_C_LANGUAGE_STANDARD = gnu17;
				GCC_DYNAMIC_NO_PIC = NO;
				GCC_NO_COMMON_BLOCKS = YES;
				GCC_OPTIMIZATION_LEVEL = 0;
				GCC_PREPROCESSOR_DEFINITIONS = (
					"DEBUG=1",
					"$(inherited)",
				);
				GCC_WARN_64_TO_32_BIT_CONVERSION = YES;
				GCC_WARN_ABOUT_RETURN_TYPE = YES_ERROR;
				GCC_WARN_UNDECLARED_SELECTOR = YES;
				GCC_WARN_UNINITIALIZED_AUTOS = YES_AGGRESSIVE;
				GCC_WARN_UNUSED_FUNCTION = YES;
				GCC_WARN_UNUSED_VARIABLE = YES;
				IPHONEOS_DEPLOYMENT_TARGET = 17.2;
				LOCALIZATION_PREFERS_STRING_CATALOGS = YES;
				MTL_ENABLE_DEBUG_INFO = INCLUDE_SOURCE;
				MTL_FAST_MATH = YES;
				ONLY_ACTIVE_ARCH = YES;
				SDKROOT = iphoneos;
				SWIFT_ACTIVE_COMPILATION_CONDITIONS = "DEBUG $(inherited)";
				SWIFT_OPTIMIZATION_LEVEL = "-Onone";
			};
			name = Debug;
		};
		3DFDEF892C33CB1700F91690 /* Release */ = {
			isa = XCBuildConfiguration;
			buildSettings = {
				ALWAYS_SEARCH_USER_PATHS = NO;
				ASSETCATALOG_COMPILER_GENERATE_SWIFT_ASSET_SYMBOL_EXTENSIONS = YES;
				CLANG_ANALYZER_NONNULL = YES;
				CLANG_ANALYZER_NUMBER_OBJECT_CONVERSION = YES_AGGRESSIVE;
				CLANG_CXX_LANGUAGE_STANDARD = "gnu++20";
				CLANG_ENABLE_MODULES = YES;
				CLANG_ENABLE_OBJC_ARC = YES;
				CLANG_ENABLE_OBJC_WEAK = YES;
				CLANG_WARN_BLOCK_CAPTURE_AUTORELEASING = YES;
				CLANG_WARN_BOOL_CONVERSION = YES;
				CLANG_WARN_COMMA = YES;
				CLANG_WARN_CONSTANT_CONVERSION = YES;
				CLANG_WARN_DEPRECATED_OBJC_IMPLEMENTATIONS = YES;
				CLANG_WARN_DIRECT_OBJC_ISA_USAGE = YES_ERROR;
				CLANG_WARN_DOCUMENTATION_COMMENTS = YES;
				CLANG_WARN_EMPTY_BODY = YES;
				CLANG_WARN_ENUM_CONVERSION = YES;
				CLANG_WARN_INFINITE_RECURSION = YES;
				CLANG_WARN_INT_CONVERSION = YES;
				CLANG_WARN_NON_LITERAL_NULL_CONVERSION = YES;
				CLANG_WARN_OBJC_IMPLICIT_RETAIN_SELF = YES;
				CLANG_WARN_OBJC_LITERAL_CONVERSION = YES;
				CLANG_WARN_OBJC_ROOT_CLASS = YES_ERROR;
				CLANG_WARN_QUOTED_INCLUDE_IN_FRAMEWORK_HEADER = YES;
				CLANG_WARN_RANGE_LOOP_ANALYSIS = YES;
				CLANG_WARN_STRICT_PROTOTYPES = YES;
				CLANG_WARN_SUSPICIOUS_MOVE = YES;
				CLANG_WARN_UNGUARDED_AVAILABILITY = YES_AGGRESSIVE;
				CLANG_WARN_UNREACHABLE_CODE = YES;
				CLANG_WARN__DUPLICATE_METHOD_MATCH = YES;
				COPY_PHASE_STRIP = NO;
				DEBUG_INFORMATION_FORMAT = "dwarf-with-dsym";
				ENABLE_NS_ASSERTIONS = NO;
				ENABLE_STRICT_OBJC_MSGSEND = YES;
				ENABLE_USER_SCRIPT_SANDBOXING = YES;
				GCC_C_LANGUAGE_STANDARD = gnu17;
				GCC_NO_COMMON_BLOCKS = YES;
				GCC_WARN_64_TO_32_BIT_CONVERSION = YES;
				GCC_WARN_ABOUT_RETURN_TYPE = YES_ERROR;
				GCC_WARN_UNDECLARED_SELECTOR = YES;
				GCC_WARN_UNINITIALIZED_AUTOS = YES_AGGRESSIVE;
				GCC_WARN_UNUSED_FUNCTION = YES;
				GCC_WARN_UNUSED_VARIABLE = YES;
				IPHONEOS_DEPLOYMENT_TARGET = 17.2;
				LOCALIZATION_PREFERS_STRING_CATALOGS = YES;
				MTL_ENABLE_DEBUG_INFO = NO;
				MTL_FAST_MATH = YES;
				SDKROOT = iphoneos;
				SWIFT_COMPILATION_MODE = wholemodule;
				VALIDATE_PRODUCT = YES;
			};
			name = Release;
		};
		3DFDEF8B2C33CB1700F91690 /* Debug */ = {
			isa = XCBuildConfiguration;
			buildSettings = {
				ASSETCATALOG_COMPILER_APPICON_NAME = AppIcon;
				ASSETCATALOG_COMPILER_GLOBAL_ACCENT_COLOR_NAME = AccentColor;
				CODE_SIGN_STYLE = Automatic;
				CURRENT_PROJECT_VERSION = 1;
				DEVELOPMENT_ASSET_PATHS = "\"EmojiApp/Preview Content\"";
				DEVELOPMENT_TEAM = BKU4KXV48R;
				ENABLE_PREVIEWS = YES;
				GENERATE_INFOPLIST_FILE = YES;
				INFOPLIST_KEY_UIApplicationSceneManifest_Generation = YES;
				INFOPLIST_KEY_UIApplicationSupportsIndirectInputEvents = YES;
				INFOPLIST_KEY_UILaunchScreen_Generation = YES;
				INFOPLIST_KEY_UISupportedInterfaceOrientations_iPad = "UIInterfaceOrientationPortrait UIInterfaceOrientationPortraitUpsideDown UIInterfaceOrientationLandscapeLeft UIInterfaceOrientationLandscapeRight";
				INFOPLIST_KEY_UISupportedInterfaceOrientations_iPhone = "UIInterfaceOrientationPortrait UIInterfaceOrientationLandscapeLeft UIInterfaceOrientationLandscapeRight";
				LD_RUNPATH_SEARCH_PATHS = (
					"$(inherited)",
					"@executable_path/Frameworks",
				);
				MARKETING_VERSION = 1.0;
				PRODUCT_BUNDLE_IDENTIFIER = com.nadialovely.EmojiApp;
				PRODUCT_NAME = "$(TARGET_NAME)";
				SWIFT_EMIT_LOC_STRINGS = YES;
				SWIFT_VERSION = 5.0;
				TARGETED_DEVICE_FAMILY = "1,2";
			};
			name = Debug;
		};
		3DFDEF8C2C33CB1700F91690 /* Release */ = {
			isa = XCBuildConfiguration;
			buildSettings = {
				ASSETCATALOG_COMPILER_APPICON_NAME = AppIcon;
				ASSETCATALOG_COMPILER_GLOBAL_ACCENT_COLOR_NAME = AccentColor;
				CODE_SIGN_STYLE = Automatic;
				CURRENT_PROJECT_VERSION = 1;
				DEVELOPMENT_ASSET_PATHS = "\"EmojiApp/Preview Content\"";
				DEVELOPMENT_TEAM = BKU4KXV48R;
				ENABLE_PREVIEWS = YES;
				GENERATE_INFOPLIST_FILE = YES;
				INFOPLIST_KEY_UIApplicationSceneManifest_Generation = YES;
				INFOPLIST_KEY_UIApplicationSupportsIndirectInputEvents = YES;
				INFOPLIST_KEY_UILaunchScreen_Generation = YES;
				INFOPLIST_KEY_UISupportedInterfaceOrientations_iPad = "UIInterfaceOrientationPortrait UIInterfaceOrientationPortraitUpsideDown UIInterfaceOrientationLandscapeLeft UIInterfaceOrientationLandscapeRight";
				INFOPLIST_KEY_UISupportedInterfaceOrientations_iPhone = "UIInterfaceOrientationPortrait UIInterfaceOrientationLandscapeLeft UIInterfaceOrientationLandscapeRight";
				LD_RUNPATH_SEARCH_PATHS = (
					"$(inherited)",
					"@executable_path/Frameworks",
				);
				MARKETING_VERSION = 1.0;
				PRODUCT_BUNDLE_IDENTIFIER = com.nadialovely.EmojiApp;
				PRODUCT_NAME = "$(TARGET_NAME)";
				SWIFT_EMIT_LOC_STRINGS = YES;
				SWIFT_VERSION = 5.0;
				TARGETED_DEVICE_FAMILY = "1,2";
			};
			name = Release;
		};
/* End XCBuildConfiguration section */

/* Begin XCConfigurationList section */
		3DFDEF772C33CB1500F91690 /* Build configuration list for PBXProject "EmojiApp" */ = {
			isa = XCConfigurationList;
			buildConfigurations = (
				3DFDEF882C33CB1700F91690 /* Debug */,
				3DFDEF892C33CB1700F91690 /* Release */,
			);
			defaultConfigurationIsVisible = 0;
			defaultConfigurationName = Release;
		};
		3DFDEF8A2C33CB1700F91690 /* Build configuration list for PBXNativeTarget "EmojiApp" */ = {
			isa = XCConfigurationList;
			buildConfigurations = (
				3DFDEF8B2C33CB1700F91690 /* Debug */,
				3DFDEF8C2C33CB1700F91690 /* Release */,
			);
			defaultConfigurationIsVisible = 0;
			defaultConfigurationName = Release;
		};
/* End XCConfigurationList section */
	};
	rootObject = 3DFDEF742C33CB1500F91690 /* Project object */;
}
